<Solution>
  <Folder Name="/Solution Files/">
    <File Path="Directory.Build.props" />
    <File Path="Directory.Packages.props" />
    <File Path="LICENSE" />
    <File Path="README.md" />
  </Folder>
  <Project Path="src/ClassicDiagnostics.Avalonia.csproj" />
  <Project Path="tests/ClassicDiagnostics.Avalonia.Tests/ClassicDiagnostics.Avalonia.Tests.csproj" />
</Solution>
